
Microsoft Visual Studio Solution File, Format Version 12.00
# Visual Studio Version 16
VisualStudioVersion = 16.0.30204.135
MinimumVisualStudioVersion = 10.0.40219.1
Project("{9A19103F-16F7-4668-BE54-9A1E7A4F7556}") = "ShopAPI", "ShopAPI.csproj", "{8CE6B1A5-A31A-4938-BC07-3058D1DD3F8A}"
EndProject
Global
	GlobalSection(SolutionConfigurationPlatforms) = preSolution
		Debug|Any CPU = Debug|Any CPU
		Release|Any CPU = Release|Any CPU
	EndGlobalSection
	GlobalSection(ProjectConfigurationPlatforms) = postSolution
		{8CE6B1A5-A31A-4938-BC07-3058D1DD3F8A}.Debug|Any CPU.ActiveCfg = Debug|Any CPU
		{8CE6B1A5-A31A-4938-BC07-3058D1DD3F8A}.Debug|Any CPU.Build.0 = Debug|Any CPU
		{8CE6B1A5-A31A-4938-BC07-3058D1DD3F8A}.Release|Any CPU.ActiveCfg = Release|Any CPU
		{8CE6B1A5-A31A-4938-BC07-3058D1DD3F8A}.Release|Any CPU.Build.0 = Release|Any CPU
	EndGlobalSection
	GlobalSection(SolutionProperties) = preSolution
		HideSolutionNode = FALSE
	EndGlobalSection
	GlobalSection(ExtensibilityGlobals) = postSolution
		SolutionGuid = {48609F57-FE56-4BBE-B05E-372E20DF3256}
	EndGlobalSection
EndGlobal
