
Microsoft Visual Studio Solution File, Format Version 12.00
# Visual Studio Version 16
VisualStudioVersion = 16.0.30204.135
MinimumVisualStudioVersion = 10.0.40219.1
Project("{9A19103F-16F7-4668-BE54-9A1E7A4F7556}") = "MyBank", "MyBank.csproj", "{EBB0811C-4FE5-4430-A390-D8C82C48DAA2}"
EndProject
<<<<<<< HEAD
Project("{9A19103F-16F7-4668-BE54-9A1E7A4F7556}") = "BasicBank", "..\BasicBank\BasicBank.csproj", "{4A657512-A76C-431D-9202-BA5F8798406A}"
EndProject
Project("{9A19103F-16F7-4668-BE54-9A1E7A4F7556}") = "BankLibrary", "..\BankLibrary\BankLibrary.csproj", "{F09E5562-E376-46A8-B058-6DF07468A059}"
EndProject
Project("{FAE04EC0-301F-11D3-BF4B-00C04F79EFBC}") = "BankTest", "..\BankTest\BankTest.csproj", "{1B558FB4-5254-4595-807C-C0D985282BCD}"
=======
Project("{FAE04EC0-301F-11D3-BF4B-00C04F79EFBC}") = "BasicBank", "..\BasicBank\BasicBank.csproj", "{D313A6A8-AABB-4429-8A8C-F4DF8CC7FD17}"
EndProject
Project("{FAE04EC0-301F-11D3-BF4B-00C04F79EFBC}") = "BankLibrary", "..\BankLibrary\BankLibrary.csproj", "{186F6F53-FD16-480D-AF18-FC5BF90D82B5}"
>>>>>>> develop
EndProject
Global
	GlobalSection(SolutionConfigurationPlatforms) = preSolution
		Debug|Any CPU = Debug|Any CPU
		Release|Any CPU = Release|Any CPU
	EndGlobalSection
	GlobalSection(ProjectConfigurationPlatforms) = postSolution
		{EBB0811C-4FE5-4430-A390-D8C82C48DAA2}.Debug|Any CPU.ActiveCfg = Debug|Any CPU
		{EBB0811C-4FE5-4430-A390-D8C82C48DAA2}.Debug|Any CPU.Build.0 = Debug|Any CPU
		{EBB0811C-4FE5-4430-A390-D8C82C48DAA2}.Release|Any CPU.ActiveCfg = Release|Any CPU
		{EBB0811C-4FE5-4430-A390-D8C82C48DAA2}.Release|Any CPU.Build.0 = Release|Any CPU
<<<<<<< HEAD
		{4A657512-A76C-431D-9202-BA5F8798406A}.Debug|Any CPU.ActiveCfg = Debug|Any CPU
		{4A657512-A76C-431D-9202-BA5F8798406A}.Debug|Any CPU.Build.0 = Debug|Any CPU
		{4A657512-A76C-431D-9202-BA5F8798406A}.Release|Any CPU.ActiveCfg = Release|Any CPU
		{4A657512-A76C-431D-9202-BA5F8798406A}.Release|Any CPU.Build.0 = Release|Any CPU
		{F09E5562-E376-46A8-B058-6DF07468A059}.Debug|Any CPU.ActiveCfg = Debug|Any CPU
		{F09E5562-E376-46A8-B058-6DF07468A059}.Debug|Any CPU.Build.0 = Debug|Any CPU
		{F09E5562-E376-46A8-B058-6DF07468A059}.Release|Any CPU.ActiveCfg = Release|Any CPU
		{F09E5562-E376-46A8-B058-6DF07468A059}.Release|Any CPU.Build.0 = Release|Any CPU
		{1B558FB4-5254-4595-807C-C0D985282BCD}.Debug|Any CPU.ActiveCfg = Debug|Any CPU
		{1B558FB4-5254-4595-807C-C0D985282BCD}.Debug|Any CPU.Build.0 = Debug|Any CPU
		{1B558FB4-5254-4595-807C-C0D985282BCD}.Release|Any CPU.ActiveCfg = Release|Any CPU
		{1B558FB4-5254-4595-807C-C0D985282BCD}.Release|Any CPU.Build.0 = Release|Any CPU
=======
		{D313A6A8-AABB-4429-8A8C-F4DF8CC7FD17}.Debug|Any CPU.ActiveCfg = Debug|Any CPU
		{D313A6A8-AABB-4429-8A8C-F4DF8CC7FD17}.Debug|Any CPU.Build.0 = Debug|Any CPU
		{D313A6A8-AABB-4429-8A8C-F4DF8CC7FD17}.Release|Any CPU.ActiveCfg = Release|Any CPU
		{D313A6A8-AABB-4429-8A8C-F4DF8CC7FD17}.Release|Any CPU.Build.0 = Release|Any CPU
		{186F6F53-FD16-480D-AF18-FC5BF90D82B5}.Debug|Any CPU.ActiveCfg = Debug|Any CPU
		{186F6F53-FD16-480D-AF18-FC5BF90D82B5}.Debug|Any CPU.Build.0 = Debug|Any CPU
		{186F6F53-FD16-480D-AF18-FC5BF90D82B5}.Release|Any CPU.ActiveCfg = Release|Any CPU
		{186F6F53-FD16-480D-AF18-FC5BF90D82B5}.Release|Any CPU.Build.0 = Release|Any CPU
>>>>>>> develop
	EndGlobalSection
	GlobalSection(SolutionProperties) = preSolution
		HideSolutionNode = FALSE
	EndGlobalSection
	GlobalSection(ExtensibilityGlobals) = postSolution
		SolutionGuid = {F2C9F581-AB4A-469D-B181-4F5BD81D3884}
	EndGlobalSection
EndGlobal
