
Microsoft Visual Studio Solution File, Format Version 12.00
# Visual Studio Version 16
VisualStudioVersion = 16.0.30204.135
MinimumVisualStudioVersion = 10.0.40219.1
Project("{FAE04EC0-301F-11D3-BF4B-00C04F79EFBC}") = "MyBank", "MyBank.csproj", "{EBB0811C-4FE5-4430-A390-D8C82C48DAA2}"
EndProject
Global
	GlobalSection(SolutionConfigurationPlatforms) = preSolution
		Debug|Any CPU = Debug|Any CPU
		Release|Any CPU = Release|Any CPU
	EndGlobalSection
	GlobalSection(ProjectConfigurationPlatforms) = postSolution
		{EBB0811C-4FE5-4430-A390-D8C82C48DAA2}.Debug|Any CPU.ActiveCfg = Debug|Any CPU
		{EBB0811C-4FE5-4430-A390-D8C82C48DAA2}.Debug|Any CPU.Build.0 = Debug|Any CPU
		{EBB0811C-4FE5-4430-A390-D8C82C48DAA2}.Release|Any CPU.ActiveCfg = Release|Any CPU
		{EBB0811C-4FE5-4430-A390-D8C82C48DAA2}.Release|Any CPU.Build.0 = Release|Any CPU
	EndGlobalSection
	GlobalSection(SolutionProperties) = preSolution
		HideSolutionNode = FALSE
	EndGlobalSection
	GlobalSection(ExtensibilityGlobals) = postSolution
		SolutionGuid = {F2C9F581-AB4A-469D-B181-4F5BD81D3884}
	EndGlobalSection
EndGlobal
